// !$*UTF8*$!
{
	archiveVersion = 1;
	classes = {
	};
	objectVersion = 51;
	objects = {

/* Begin PBXBuildFile section */
		A560B359263F9D0B00248582 /* AppDelegate.swift in Sources */ = {isa = PBXBuildFile; fileRef = A560B358263F9D0B00248582 /* AppDelegate.swift */; };
		A560B35D263F9D0B00248582 /* ViewController.swift in Sources */ = {isa = PBXBuildFile; fileRef = A560B35C263F9D0B00248582 /* ViewController.swift */; };
		A560B362263F9D1400248582 /* Assets.xcassets in Resources */ = {isa = PBXBuildFile; fileRef = A560B361263F9D1400248582 /* Assets.xcassets */; };
		A560B365263F9D1400248582 /* LaunchScreen.storyboard in Resources */ = {isa = PBXBuildFile; fileRef = A560B363263F9D1400248582 /* LaunchScreen.storyboard */; };
		A560B38B263FA2F500248582 /* Welcome.storyboard in Resources */ = {isa = PBXBuildFile; fileRef = A560B38A263FA2F500248582 /* Welcome.storyboard */; };
		A560B38F2640FB8500248582 /* WelcomeViewController.swift in Sources */ = {isa = PBXBuildFile; fileRef = A560B38E2640FB8500248582 /* WelcomeViewController.swift */; };
		A560B3922640FB9A00248582 /* LoginViewController.swift in Sources */ = {isa = PBXBuildFile; fileRef = A560B3912640FB9A00248582 /* LoginViewController.swift */; };
		A560B3952640FBB400248582 /* RegisterViewController.swift in Sources */ = {isa = PBXBuildFile; fileRef = A560B3942640FBB400248582 /* RegisterViewController.swift */; };
		A560B39926423D6C00248582 /* Home.storyboard in Resources */ = {isa = PBXBuildFile; fileRef = A560B39826423D6C00248582 /* Home.storyboard */; };
		A560B39F264241F000248582 /* LoginResponse.swift in Sources */ = {isa = PBXBuildFile; fileRef = A560B39E264241F000248582 /* LoginResponse.swift */; };
		A560B3A22642423B00248582 /* ErrorResponse.swift in Sources */ = {isa = PBXBuildFile; fileRef = A560B3A12642423B00248582 /* ErrorResponse.swift */; };
		A560B3A52642425F00248582 /* GeneralResponse.swift in Sources */ = {isa = PBXBuildFile; fileRef = A560B3A42642425F00248582 /* GeneralResponse.swift */; };
		A560B3A8264242A400248582 /* RegisterRequest.swift in Sources */ = {isa = PBXBuildFile; fileRef = A560B3A7264242A400248582 /* RegisterRequest.swift */; };
		A560B3AB264242E200248582 /* PostRequest.swift in Sources */ = {isa = PBXBuildFile; fileRef = A560B3AA264242E200248582 /* PostRequest.swift */; };
		A560B3AE2642432300248582 /* PostRequestLocation.swift in Sources */ = {isa = PBXBuildFile; fileRef = A560B3AD2642432300248582 /* PostRequestLocation.swift */; };
		A560B3B12642438B00248582 /* LoginRequest.swift in Sources */ = {isa = PBXBuildFile; fileRef = A560B3B02642438B00248582 /* LoginRequest.swift */; };
		A560B3B4264243C300248582 /* User.swift in Sources */ = {isa = PBXBuildFile; fileRef = A560B3B3264243C300248582 /* User.swift */; };
		A560B3B7264243F800248582 /* Post.swift in Sources */ = {isa = PBXBuildFile; fileRef = A560B3B6264243F800248582 /* Post.swift */; };
		A560B3BA2642446E00248582 /* PostLocation.swift in Sources */ = {isa = PBXBuildFile; fileRef = A560B3B92642446E00248582 /* PostLocation.swift */; };
		A560B3BD264245DF00248582 /* Endpoints.swift in Sources */ = {isa = PBXBuildFile; fileRef = A560B3BC264245DF00248582 /* Endpoints.swift */; };
		A560B3C02646D6CA00248582 /* HomeViewController.swift in Sources */ = {isa = PBXBuildFile; fileRef = A560B3BF2646D6CA00248582 /* HomeViewController.swift */; };
		A560B3C52646D7B200248582 /* TweetTableViewCell.swift in Sources */ = {isa = PBXBuildFile; fileRef = A560B3C32646D7B200248582 /* TweetTableViewCell.swift */; };
		A560B3C62646D7B200248582 /* TweetTableViewCell.xib in Resources */ = {isa = PBXBuildFile; fileRef = A560B3C42646D7B200248582 /* TweetTableViewCell.xib */; };
		A560B3C92647000400248582 /* AddPostViewController.swift in Sources */ = {isa = PBXBuildFile; fileRef = A560B3C82647000400248582 /* AddPostViewController.swift */; };
		AB63D2ED452AFD8B53C2A407 /* Pods_PlatziTweets.framework in Frameworks */ = {isa = PBXBuildFile; fileRef = 53A7DDD8138DBE7F01AF7AEE /* Pods_PlatziTweets.framework */; };
/* End PBXBuildFile section */

/* Begin PBXFileReference section */
		53A7DDD8138DBE7F01AF7AEE /* Pods_PlatziTweets.framework */ = {isa = PBXFileReference; explicitFileType = wrapper.framework; includeInIndex = 0; path = Pods_PlatziTweets.framework; sourceTree = BUILT_PRODUCTS_DIR; };
		A560B355263F9D0B00248582 /* PlatziTweets.app */ = {isa = PBXFileReference; explicitFileType = wrapper.application; includeInIndex = 0; path = PlatziTweets.app; sourceTree = BUILT_PRODUCTS_DIR; };
		A560B358263F9D0B00248582 /* AppDelegate.swift */ = {isa = PBXFileReference; lastKnownFileType = sourcecode.swift; path = AppDelegate.swift; sourceTree = "<group>"; };
		A560B35C263F9D0B00248582 /* ViewController.swift */ = {isa = PBXFileReference; lastKnownFileType = sourcecode.swift; path = ViewController.swift; sourceTree = "<group>"; };
		A560B361263F9D1400248582 /* Assets.xcassets */ = {isa = PBXFileReference; lastKnownFileType = folder.assetcatalog; path = Assets.xcassets; sourceTree = "<group>"; };
		A560B364263F9D1400248582 /* Base */ = {isa = PBXFileReference; lastKnownFileType = file.storyboard; name = Base; path = Base.lproj/LaunchScreen.storyboard; sourceTree = "<group>"; };
		A560B366263F9D1400248582 /* Info.plist */ = {isa = PBXFileReference; lastKnownFileType = text.plist.xml; path = Info.plist; sourceTree = "<group>"; };
		A560B38A263FA2F500248582 /* Welcome.storyboard */ = {isa = PBXFileReference; lastKnownFileType = file.storyboard; path = Welcome.storyboard; sourceTree = "<group>"; };
		A560B38E2640FB8500248582 /* WelcomeViewController.swift */ = {isa = PBXFileReference; lastKnownFileType = sourcecode.swift; path = WelcomeViewController.swift; sourceTree = "<group>"; };
		A560B3912640FB9A00248582 /* LoginViewController.swift */ = {isa = PBXFileReference; lastKnownFileType = sourcecode.swift; path = LoginViewController.swift; sourceTree = "<group>"; };
		A560B3942640FBB400248582 /* RegisterViewController.swift */ = {isa = PBXFileReference; lastKnownFileType = sourcecode.swift; path = RegisterViewController.swift; sourceTree = "<group>"; };
		A560B39826423D6C00248582 /* Home.storyboard */ = {isa = PBXFileReference; lastKnownFileType = file.storyboard; path = Home.storyboard; sourceTree = "<group>"; };
		A560B39E264241F000248582 /* LoginResponse.swift */ = {isa = PBXFileReference; lastKnownFileType = sourcecode.swift; path = LoginResponse.swift; sourceTree = "<group>"; };
		A560B3A12642423B00248582 /* ErrorResponse.swift */ = {isa = PBXFileReference; lastKnownFileType = sourcecode.swift; path = ErrorResponse.swift; sourceTree = "<group>"; };
		A560B3A42642425F00248582 /* GeneralResponse.swift */ = {isa = PBXFileReference; lastKnownFileType = sourcecode.swift; path = GeneralResponse.swift; sourceTree = "<group>"; };
		A560B3A7264242A400248582 /* RegisterRequest.swift */ = {isa = PBXFileReference; lastKnownFileType = sourcecode.swift; path = RegisterRequest.swift; sourceTree = "<group>"; };
		A560B3AA264242E200248582 /* PostRequest.swift */ = {isa = PBXFileReference; lastKnownFileType = sourcecode.swift; path = PostRequest.swift; sourceTree = "<group>"; };
		A560B3AD2642432300248582 /* PostRequestLocation.swift */ = {isa = PBXFileReference; lastKnownFileType = sourcecode.swift; path = PostRequestLocation.swift; sourceTree = "<group>"; };
		A560B3B02642438B00248582 /* LoginRequest.swift */ = {isa = PBXFileReference; lastKnownFileType = sourcecode.swift; path = LoginRequest.swift; sourceTree = "<group>"; };
		A560B3B3264243C300248582 /* User.swift */ = {isa = PBXFileReference; lastKnownFileType = sourcecode.swift; path = User.swift; sourceTree = "<group>"; };
		A560B3B6264243F800248582 /* Post.swift */ = {isa = PBXFileReference; lastKnownFileType = sourcecode.swift; path = Post.swift; sourceTree = "<group>"; };
		A560B3B92642446E00248582 /* PostLocation.swift */ = {isa = PBXFileReference; lastKnownFileType = sourcecode.swift; path = PostLocation.swift; sourceTree = "<group>"; };
		A560B3BC264245DF00248582 /* Endpoints.swift */ = {isa = PBXFileReference; lastKnownFileType = sourcecode.swift; path = Endpoints.swift; sourceTree = "<group>"; };
		A560B3BF2646D6CA00248582 /* HomeViewController.swift */ = {isa = PBXFileReference; lastKnownFileType = sourcecode.swift; path = HomeViewController.swift; sourceTree = "<group>"; };
		A560B3C32646D7B200248582 /* TweetTableViewCell.swift */ = {isa = PBXFileReference; lastKnownFileType = sourcecode.swift; path = TweetTableViewCell.swift; sourceTree = "<group>"; };
		A560B3C42646D7B200248582 /* TweetTableViewCell.xib */ = {isa = PBXFileReference; lastKnownFileType = file.xib; path = TweetTableViewCell.xib; sourceTree = "<group>"; };
		A560B3C82647000400248582 /* AddPostViewController.swift */ = {isa = PBXFileReference; lastKnownFileType = sourcecode.swift; path = AddPostViewController.swift; sourceTree = "<group>"; };
		EBE8EDB06880984F871DF5E9 /* Pods-PlatziTweets.debug.xcconfig */ = {isa = PBXFileReference; includeInIndex = 1; lastKnownFileType = text.xcconfig; name = "Pods-PlatziTweets.debug.xcconfig"; path = "Target Support Files/Pods-PlatziTweets/Pods-PlatziTweets.debug.xcconfig"; sourceTree = "<group>"; };
		F473967EC2D13413B0AD1F92 /* Pods-PlatziTweets.release.xcconfig */ = {isa = PBXFileReference; includeInIndex = 1; lastKnownFileType = text.xcconfig; name = "Pods-PlatziTweets.release.xcconfig"; path = "Target Support Files/Pods-PlatziTweets/Pods-PlatziTweets.release.xcconfig"; sourceTree = "<group>"; };
/* End PBXFileReference section */

/* Begin PBXFrameworksBuildPhase section */
		A560B352263F9D0B00248582 /* Frameworks */ = {
			isa = PBXFrameworksBuildPhase;
			buildActionMask = 2147483647;
			files = (
				AB63D2ED452AFD8B53C2A407 /* Pods_PlatziTweets.framework in Frameworks */,
			);
			runOnlyForDeploymentPostprocessing = 0;
		};
/* End PBXFrameworksBuildPhase section */

/* Begin PBXGroup section */
		528DD7C23A875F0F30D31293 /* Frameworks */ = {
			isa = PBXGroup;
			children = (
				53A7DDD8138DBE7F01AF7AEE /* Pods_PlatziTweets.framework */,
			);
			name = Frameworks;
			sourceTree = "<group>";
		};
		A560B34C263F9D0B00248582 = {
			isa = PBXGroup;
			children = (
				A560B357263F9D0B00248582 /* PlatziTweets */,
				A560B356263F9D0B00248582 /* Products */,
				E2DAF59453374BD6D15DF0E0 /* Pods */,
				528DD7C23A875F0F30D31293 /* Frameworks */,
			);
			sourceTree = "<group>";
		};
		A560B356263F9D0B00248582 /* Products */ = {
			isa = PBXGroup;
			children = (
				A560B355263F9D0B00248582 /* PlatziTweets.app */,
			);
			name = Products;
			sourceTree = "<group>";
		};
		A560B357263F9D0B00248582 /* PlatziTweets */ = {
			isa = PBXGroup;
			children = (
				A560B387263FA2A000248582 /* Modules */,
				A560B386263FA29300248582 /* Commons */,
				A560B366263F9D1400248582 /* Info.plist */,
			);
			path = PlatziTweets;
			sourceTree = "<group>";
		};
		A560B386263FA29300248582 /* Commons */ = {
			isa = PBXGroup;
			children = (
				A560B39B264241AB00248582 /* Models */,
				A560B358263F9D0B00248582 /* AppDelegate.swift */,
				A560B35C263F9D0B00248582 /* ViewController.swift */,
				A560B361263F9D1400248582 /* Assets.xcassets */,
				A560B363263F9D1400248582 /* LaunchScreen.storyboard */,
				A560B3BC264245DF00248582 /* Endpoints.swift */,
			);
			path = Commons;
			sourceTree = "<group>";
		};
		A560B387263FA2A000248582 /* Modules */ = {
			isa = PBXGroup;
			children = (
				A560B39726423D4200248582 /* Home */,
				A560B389263FA2CF00248582 /* Welcome */,
			);
			path = Modules;
			sourceTree = "<group>";
		};
		A560B389263FA2CF00248582 /* Welcome */ = {
			isa = PBXGroup;
			children = (
				A560B38A263FA2F500248582 /* Welcome.storyboard */,
				A560B38E2640FB8500248582 /* WelcomeViewController.swift */,
				A560B3912640FB9A00248582 /* LoginViewController.swift */,
				A560B3942640FBB400248582 /* RegisterViewController.swift */,
			);
			path = Welcome;
			sourceTree = "<group>";
		};
		A560B39726423D4200248582 /* Home */ = {
			isa = PBXGroup;
			children = (
				A560B3C22646D78600248582 /* Cells */,
				A560B39826423D6C00248582 /* Home.storyboard */,
				A560B3BF2646D6CA00248582 /* HomeViewController.swift */,
				A560B3C82647000400248582 /* AddPostViewController.swift */,
			);
			path = Home;
			sourceTree = "<group>";
		};
		A560B39B264241AB00248582 /* Models */ = {
			isa = PBXGroup;
			children = (
				A560B39C264241B500248582 /* Response */,
				A560B39D264241BE00248582 /* Request */,
				A560B3B3264243C300248582 /* User.swift */,
				A560B3B6264243F800248582 /* Post.swift */,
				A560B3B92642446E00248582 /* PostLocation.swift */,
			);
			path = Models;
			sourceTree = "<group>";
		};
		A560B39C264241B500248582 /* Response */ = {
			isa = PBXGroup;
			children = (
				A560B39E264241F000248582 /* LoginResponse.swift */,
				A560B3A12642423B00248582 /* ErrorResponse.swift */,
				A560B3A42642425F00248582 /* GeneralResponse.swift */,
			);
			path = Response;
			sourceTree = "<group>";
		};
		A560B39D264241BE00248582 /* Request */ = {
			isa = PBXGroup;
			children = (
				A560B3A7264242A400248582 /* RegisterRequest.swift */,
				A560B3AA264242E200248582 /* PostRequest.swift */,
				A560B3AD2642432300248582 /* PostRequestLocation.swift */,
				A560B3B02642438B00248582 /* LoginRequest.swift */,
			);
			path = Request;
			sourceTree = "<group>";
		};
		A560B3C22646D78600248582 /* Cells */ = {
			isa = PBXGroup;
			children = (
				A560B3C32646D7B200248582 /* TweetTableViewCell.swift */,
				A560B3C42646D7B200248582 /* TweetTableViewCell.xib */,
			);
			path = Cells;
			sourceTree = "<group>";
		};
		E2DAF59453374BD6D15DF0E0 /* Pods */ = {
			isa = PBXGroup;
			children = (
				EBE8EDB06880984F871DF5E9 /* Pods-PlatziTweets.debug.xcconfig */,
				F473967EC2D13413B0AD1F92 /* Pods-PlatziTweets.release.xcconfig */,
			);
			path = Pods;
			sourceTree = "<group>";
		};
/* End PBXGroup section */

/* Begin PBXNativeTarget section */
		A560B354263F9D0B00248582 /* PlatziTweets */ = {
			isa = PBXNativeTarget;
			buildConfigurationList = A560B369263F9D1400248582 /* Build configuration list for PBXNativeTarget "PlatziTweets" */;
			buildPhases = (
				97A8790C9926C5B607D55365 /* [CP] Check Pods Manifest.lock */,
				A560B351263F9D0B00248582 /* Sources */,
				A560B352263F9D0B00248582 /* Frameworks */,
				A560B353263F9D0B00248582 /* Resources */,
				B4BBA3A0348C05BBEF51EEF6 /* [CP] Embed Pods Frameworks */,
			);
			buildRules = (
			);
			dependencies = (
			);
			name = PlatziTweets;
			productName = PlatziTweets;
			productReference = A560B355263F9D0B00248582 /* PlatziTweets.app */;
			productType = "com.apple.product-type.application";
		};
/* End PBXNativeTarget section */

/* Begin PBXProject section */
		A560B34D263F9D0B00248582 /* Project object */ = {
			isa = PBXProject;
			attributes = {
				LastSwiftUpdateCheck = 1240;
				LastUpgradeCheck = 1240;
				TargetAttributes = {
					A560B354263F9D0B00248582 = {
						CreatedOnToolsVersion = 12.4;
					};
				};
			};
			buildConfigurationList = A560B350263F9D0B00248582 /* Build configuration list for PBXProject "PlatziTweets" */;
			compatibilityVersion = "Xcode 9.3";
			developmentRegion = en;
			hasScannedForEncodings = 0;
			knownRegions = (
				en,
				Base,
			);
			mainGroup = A560B34C263F9D0B00248582;
			productRefGroup = A560B356263F9D0B00248582 /* Products */;
			projectDirPath = "";
			projectRoot = "";
			targets = (
				A560B354263F9D0B00248582 /* PlatziTweets */,
			);
		};
/* End PBXProject section */

/* Begin PBXResourcesBuildPhase section */
		A560B353263F9D0B00248582 /* Resources */ = {
			isa = PBXResourcesBuildPhase;
			buildActionMask = 2147483647;
			files = (
				A560B3C62646D7B200248582 /* TweetTableViewCell.xib in Resources */,
				A560B365263F9D1400248582 /* LaunchScreen.storyboard in Resources */,
				A560B362263F9D1400248582 /* Assets.xcassets in Resources */,
				A560B38B263FA2F500248582 /* Welcome.storyboard in Resources */,
				A560B39926423D6C00248582 /* Home.storyboard in Resources */,
			);
			runOnlyForDeploymentPostprocessing = 0;
		};
/* End PBXResourcesBuildPhase section */

/* Begin PBXShellScriptBuildPhase section */
		97A8790C9926C5B607D55365 /* [CP] Check Pods Manifest.lock */ = {
			isa = PBXShellScriptBuildPhase;
			buildActionMask = 2147483647;
			files = (
			);
			inputFileListPaths = (
			);
			inputPaths = (
				"${PODS_PODFILE_DIR_PATH}/Podfile.lock",
				"${PODS_ROOT}/Manifest.lock",
			);
			name = "[CP] Check Pods Manifest.lock";
			outputFileListPaths = (
			);
			outputPaths = (
				"$(DERIVED_FILE_DIR)/Pods-PlatziTweets-checkManifestLockResult.txt",
			);
			runOnlyForDeploymentPostprocessing = 0;
			shellPath = /bin/sh;
			shellScript = "diff \"${PODS_PODFILE_DIR_PATH}/Podfile.lock\" \"${PODS_ROOT}/Manifest.lock\" > /dev/null\nif [ $? != 0 ] ; then\n    # print error to STDERR\n    echo \"error: The sandbox is not in sync with the Podfile.lock. Run 'pod install' or update your CocoaPods installation.\" >&2\n    exit 1\nfi\n# This output is used by Xcode 'outputs' to avoid re-running this script phase.\necho \"SUCCESS\" > \"${SCRIPT_OUTPUT_FILE_0}\"\n";
			showEnvVarsInLog = 0;
		};
		B4BBA3A0348C05BBEF51EEF6 /* [CP] Embed Pods Frameworks */ = {
			isa = PBXShellScriptBuildPhase;
			buildActionMask = 2147483647;
			files = (
			);
			inputFileListPaths = (
				"${PODS_ROOT}/Target Support Files/Pods-PlatziTweets/Pods-PlatziTweets-frameworks-${CONFIGURATION}-input-files.xcfilelist",
			);
			name = "[CP] Embed Pods Frameworks";
			outputFileListPaths = (
				"${PODS_ROOT}/Target Support Files/Pods-PlatziTweets/Pods-PlatziTweets-frameworks-${CONFIGURATION}-output-files.xcfilelist",
			);
			runOnlyForDeploymentPostprocessing = 0;
			shellPath = /bin/sh;
			shellScript = "\"${PODS_ROOT}/Target Support Files/Pods-PlatziTweets/Pods-PlatziTweets-frameworks.sh\"\n";
			showEnvVarsInLog = 0;
		};
/* End PBXShellScriptBuildPhase section */

/* Begin PBXSourcesBuildPhase section */
		A560B351263F9D0B00248582 /* Sources */ = {
			isa = PBXSourcesBuildPhase;
			buildActionMask = 2147483647;
			files = (
				A560B3B4264243C300248582 /* User.swift in Sources */,
				A560B3922640FB9A00248582 /* LoginViewController.swift in Sources */,
				A560B3AE2642432300248582 /* PostRequestLocation.swift in Sources */,
				A560B3C92647000400248582 /* AddPostViewController.swift in Sources */,
				A560B3C02646D6CA00248582 /* HomeViewController.swift in Sources */,
				A560B3952640FBB400248582 /* RegisterViewController.swift in Sources */,
				A560B3B12642438B00248582 /* LoginRequest.swift in Sources */,
				A560B3B7264243F800248582 /* Post.swift in Sources */,
				A560B3A8264242A400248582 /* RegisterRequest.swift in Sources */,
				A560B39F264241F000248582 /* LoginResponse.swift in Sources */,
				A560B38F2640FB8500248582 /* WelcomeViewController.swift in Sources */,
				A560B35D263F9D0B00248582 /* ViewController.swift in Sources */,
				A560B3C52646D7B200248582 /* TweetTableViewCell.swift in Sources */,
				A560B3A52642425F00248582 /* GeneralResponse.swift in Sources */,
				A560B3BA2642446E00248582 /* PostLocation.swift in Sources */,
				A560B3AB264242E200248582 /* PostRequest.swift in Sources */,
				A560B359263F9D0B00248582 /* AppDelegate.swift in Sources */,
				A560B3BD264245DF00248582 /* Endpoints.swift in Sources */,
				A560B3A22642423B00248582 /* ErrorResponse.swift in Sources */,
			);
			runOnlyForDeploymentPostprocessing = 0;
		};
/* End PBXSourcesBuildPhase section */

/* Begin PBXVariantGroup section */
		A560B363263F9D1400248582 /* LaunchScreen.storyboard */ = {
			isa = PBXVariantGroup;
			children = (
				A560B364263F9D1400248582 /* Base */,
			);
			name = LaunchScreen.storyboard;
			sourceTree = "<group>";
		};
/* End PBXVariantGroup section */

/* Begin XCBuildConfiguration section */
		A560B367263F9D1400248582 /* Debug */ = {
			isa = XCBuildConfiguration;
			buildSettings = {
				ALWAYS_SEARCH_USER_PATHS = NO;
				CLANG_ANALYZER_NONNULL = YES;
				CLANG_ANALYZER_NUMBER_OBJECT_CONVERSION = YES_AGGRESSIVE;
				CLANG_CXX_LANGUAGE_STANDARD = "gnu++14";
				CLANG_CXX_LIBRARY = "libc++";
				CLANG_ENABLE_MODULES = YES;
				CLANG_ENABLE_OBJC_ARC = YES;
				CLANG_ENABLE_OBJC_WEAK = YES;
				CLANG_WARN_BLOCK_CAPTURE_AUTORELEASING = YES;
				CLANG_WARN_BOOL_CONVERSION = YES;
				CLANG_WARN_COMMA = YES;
				CLANG_WARN_CONSTANT_CONVERSION = YES;
				CLANG_WARN_DEPRECATED_OBJC_IMPLEMENTATIONS = YES;
				CLANG_WARN_DIRECT_OBJC_ISA_USAGE = YES_ERROR;
				CLANG_WARN_DOCUMENTATION_COMMENTS = YES;
				CLANG_WARN_EMPTY_BODY = YES;
				CLANG_WARN_ENUM_CONVERSION = YES;
				CLANG_WARN_INFINITE_RECURSION = YES;
				CLANG_WARN_INT_CONVERSION = YES;
				CLANG_WARN_NON_LITERAL_NULL_CONVERSION = YES;
				CLANG_WARN_OBJC_IMPLICIT_RETAIN_SELF = YES;
				CLANG_WARN_OBJC_LITERAL_CONVERSION = YES;
				CLANG_WARN_OBJC_ROOT_CLASS = YES_ERROR;
				CLANG_WARN_QUOTED_INCLUDE_IN_FRAMEWORK_HEADER = YES;
				CLANG_WARN_RANGE_LOOP_ANALYSIS = YES;
				CLANG_WARN_STRICT_PROTOTYPES = YES;
				CLANG_WARN_SUSPICIOUS_MOVE = YES;
				CLANG_WARN_UNGUARDED_AVAILABILITY = YES_AGGRESSIVE;
				CLANG_WARN_UNREACHABLE_CODE = YES;
				CLANG_WARN__DUPLICATE_METHOD_MATCH = YES;
				COPY_PHASE_STRIP = NO;
				DEBUG_INFORMATION_FORMAT = dwarf;
				ENABLE_STRICT_OBJC_MSGSEND = YES;
				ENABLE_TESTABILITY = YES;
				GCC_C_LANGUAGE_STANDARD = gnu11;
				GCC_DYNAMIC_NO_PIC = NO;
				GCC_NO_COMMON_BLOCKS = YES;
				GCC_OPTIMIZATION_LEVEL = 0;
				GCC_PREPROCESSOR_DEFINITIONS = (
					"DEBUG=1",
					"$(inherited)",
				);
				GCC_WARN_64_TO_32_BIT_CONVERSION = YES;
				GCC_WARN_ABOUT_RETURN_TYPE = YES_ERROR;
				GCC_WARN_UNDECLARED_SELECTOR = YES;
				GCC_WARN_UNINITIALIZED_AUTOS = YES_AGGRESSIVE;
				GCC_WARN_UNUSED_FUNCTION = YES;
				GCC_WARN_UNUSED_VARIABLE = YES;
				IPHONEOS_DEPLOYMENT_TARGET = 14.4;
				MTL_ENABLE_DEBUG_INFO = INCLUDE_SOURCE;
				MTL_FAST_MATH = YES;
				ONLY_ACTIVE_ARCH = YES;
				SDKROOT = iphoneos;
				SWIFT_ACTIVE_COMPILATION_CONDITIONS = DEBUG;
				SWIFT_OPTIMIZATION_LEVEL = "-Onone";
			};
			name = Debug;
		};
		A560B368263F9D1400248582 /* Release */ = {
			isa = XCBuildConfiguration;
			buildSettings = {
				ALWAYS_SEARCH_USER_PATHS = NO;
				CLANG_ANALYZER_NONNULL = YES;
				CLANG_ANALYZER_NUMBER_OBJECT_CONVERSION = YES_AGGRESSIVE;
				CLANG_CXX_LANGUAGE_STANDARD = "gnu++14";
				CLANG_CXX_LIBRARY = "libc++";
				CLANG_ENABLE_MODULES = YES;
				CLANG_ENABLE_OBJC_ARC = YES;
				CLANG_ENABLE_OBJC_WEAK = YES;
				CLANG_WARN_BLOCK_CAPTURE_AUTORELEASING = YES;
				CLANG_WARN_BOOL_CONVERSION = YES;
				CLANG_WARN_COMMA = YES;
				CLANG_WARN_CONSTANT_CONVERSION = YES;
				CLANG_WARN_DEPRECATED_OBJC_IMPLEMENTATIONS = YES;
				CLANG_WARN_DIRECT_OBJC_ISA_USAGE = YES_ERROR;
				CLANG_WARN_DOCUMENTATION_COMMENTS = YES;
				CLANG_WARN_EMPTY_BODY = YES;
				CLANG_WARN_ENUM_CONVERSION = YES;
				CLANG_WARN_INFINITE_RECURSION = YES;
				CLANG_WARN_INT_CONVERSION = YES;
				CLANG_WARN_NON_LITERAL_NULL_CONVERSION = YES;
				CLANG_WARN_OBJC_IMPLICIT_RETAIN_SELF = YES;
				CLANG_WARN_OBJC_LITERAL_CONVERSION = YES;
				CLANG_WARN_OBJC_ROOT_CLASS = YES_ERROR;
				CLANG_WARN_QUOTED_INCLUDE_IN_FRAMEWORK_HEADER = YES;
				CLANG_WARN_RANGE_LOOP_ANALYSIS = YES;
				CLANG_WARN_STRICT_PROTOTYPES = YES;
				CLANG_WARN_SUSPICIOUS_MOVE = YES;
				CLANG_WARN_UNGUARDED_AVAILABILITY = YES_AGGRESSIVE;
				CLANG_WARN_UNREACHABLE_CODE = YES;
				CLANG_WARN__DUPLICATE_METHOD_MATCH = YES;
				COPY_PHASE_STRIP = NO;
				DEBUG_INFORMATION_FORMAT = "dwarf-with-dsym";
				ENABLE_NS_ASSERTIONS = NO;
				ENABLE_STRICT_OBJC_MSGSEND = YES;
				GCC_C_LANGUAGE_STANDARD = gnu11;
				GCC_NO_COMMON_BLOCKS = YES;
				GCC_WARN_64_TO_32_BIT_CONVERSION = YES;
				GCC_WARN_ABOUT_RETURN_TYPE = YES_ERROR;
				GCC_WARN_UNDECLARED_SELECTOR = YES;
				GCC_WARN_UNINITIALIZED_AUTOS = YES_AGGRESSIVE;
				GCC_WARN_UNUSED_FUNCTION = YES;
				GCC_WARN_UNUSED_VARIABLE = YES;
				IPHONEOS_DEPLOYMENT_TARGET = 14.4;
				MTL_ENABLE_DEBUG_INFO = NO;
				MTL_FAST_MATH = YES;
				SDKROOT = iphoneos;
				SWIFT_COMPILATION_MODE = wholemodule;
				SWIFT_OPTIMIZATION_LEVEL = "-O";
				VALIDATE_PRODUCT = YES;
			};
			name = Release;
		};
		A560B36A263F9D1400248582 /* Debug */ = {
			isa = XCBuildConfiguration;
			baseConfigurationReference = EBE8EDB06880984F871DF5E9 /* Pods-PlatziTweets.debug.xcconfig */;
			buildSettings = {
				ASSETCATALOG_COMPILER_APPICON_NAME = AppIcon;
				ASSETCATALOG_COMPILER_GLOBAL_ACCENT_COLOR_NAME = AccentColor;
				CODE_SIGN_STYLE = Automatic;
				DEVELOPMENT_TEAM = H5FF9W2LC7;
				INFOPLIST_FILE = PlatziTweets/Info.plist;
				IPHONEOS_DEPLOYMENT_TARGET = 11.0;
				LD_RUNPATH_SEARCH_PATHS = (
					"$(inherited)",
					"@executable_path/Frameworks",
				);
				PRODUCT_BUNDLE_IDENTIFIER = com.jlopez.PlatziTweets;
				PRODUCT_NAME = "$(TARGET_NAME)";
				SWIFT_VERSION = 5.0;
				TARGETED_DEVICE_FAMILY = 1;
			};
			name = Debug;
		};
		A560B36B263F9D1400248582 /* Release */ = {
			isa = XCBuildConfiguration;
			baseConfigurationReference = F473967EC2D13413B0AD1F92 /* Pods-PlatziTweets.release.xcconfig */;
			buildSettings = {
				ASSETCATALOG_COMPILER_APPICON_NAME = AppIcon;
				ASSETCATALOG_COMPILER_GLOBAL_ACCENT_COLOR_NAME = AccentColor;
				CODE_SIGN_STYLE = Automatic;
				DEVELOPMENT_TEAM = H5FF9W2LC7;
				INFOPLIST_FILE = PlatziTweets/Info.plist;
				IPHONEOS_DEPLOYMENT_TARGET = 11.0;
				LD_RUNPATH_SEARCH_PATHS = (
					"$(inherited)",
					"@executable_path/Frameworks",
				);
				PRODUCT_BUNDLE_IDENTIFIER = com.jlopez.PlatziTweets;
				PRODUCT_NAME = "$(TARGET_NAME)";
				SWIFT_VERSION = 5.0;
				TARGETED_DEVICE_FAMILY = 1;
			};
			name = Release;
		};
/* End XCBuildConfiguration section */

/* Begin XCConfigurationList section */
		A560B350263F9D0B00248582 /* Build configuration list for PBXProject "PlatziTweets" */ = {
			isa = XCConfigurationList;
			buildConfigurations = (
				A560B367263F9D1400248582 /* Debug */,
				A560B368263F9D1400248582 /* Release */,
			);
			defaultConfigurationIsVisible = 0;
			defaultConfigurationName = Release;
		};
		A560B369263F9D1400248582 /* Build configuration list for PBXNativeTarget "PlatziTweets" */ = {
			isa = XCConfigurationList;
			buildConfigurations = (
				A560B36A263F9D1400248582 /* Debug */,
				A560B36B263F9D1400248582 /* Release */,
			);
			defaultConfigurationIsVisible = 0;
			defaultConfigurationName = Release;
		};
/* End XCConfigurationList section */
	};
	rootObject = A560B34D263F9D0B00248582 /* Project object */;
}
